
Microsoft Visual Studio Solution File, Format Version 12.00
# Visual Studio Version 17
VisualStudioVersion = 17.14.36511.14 d17.14
MinimumVisualStudioVersion = 10.0.40219.1
Project("{FAE04EC0-301F-11D3-BF4B-00C04F79EFBC}") = "Orbit-BE", "Orbit-BE\Orbit-BE.csproj", "{294D6FA9-EC1E-4338-B1C0-3A13DE3DF60C}"
EndProject
Global
	GlobalSection(SolutionConfigurationPlatforms) = preSolution
		Debug|Any CPU = Debug|Any CPU
		Release|Any CPU = Release|Any CPU
	EndGlobalSection
	GlobalSection(ProjectConfigurationPlatforms) = postSolution
		{294D6FA9-EC1E-4338-B1C0-3A13DE3DF60C}.Debug|Any CPU.ActiveCfg = Debug|Any CPU
		{294D6FA9-EC1E-4338-B1C0-3A13DE3DF60C}.Debug|Any CPU.Build.0 = Debug|Any CPU
		{294D6FA9-EC1E-4338-B1C0-3A13DE3DF60C}.Release|Any CPU.ActiveCfg = Release|Any CPU
		{294D6FA9-EC1E-4338-B1C0-3A13DE3DF60C}.Release|Any CPU.Build.0 = Release|Any CPU
	EndGlobalSection
	GlobalSection(SolutionProperties) = preSolution
		HideSolutionNode = FALSE
	EndGlobalSection
	GlobalSection(ExtensibilityGlobals) = postSolution
		SolutionGuid = {6899564A-A910-474E-A69A-031A3261FA7E}
	EndGlobalSection
EndGlobal
